
Microsoft Visual Studio Solution File, Format Version 12.00
# Visual Studio Version 16
VisualStudioVersion = 16.0.29806.167
MinimumVisualStudioVersion = 10.0.40219.1
Project("{9A19103F-16F7-4668-BE54-9A1E7A4F7556}") = "ws2812", "ws2812.csproj", "{254AF636-3C20-4742-BD9C-3A55378C15F7}"
EndProject
Global
	GlobalSection(SolutionConfigurationPlatforms) = preSolution
		Debug|Any CPU = Debug|Any CPU
		Debug|x86 = Debug|x86
		Release|Any CPU = Release|Any CPU
		Release|x86 = Release|x86
	EndGlobalSection
	GlobalSection(ProjectConfigurationPlatforms) = postSolution
		{254AF636-3C20-4742-BD9C-3A55378C15F7}.Debug|Any CPU.ActiveCfg = Debug|Any CPU
		{254AF636-3C20-4742-BD9C-3A55378C15F7}.Debug|Any CPU.Build.0 = Debug|Any CPU
		{254AF636-3C20-4742-BD9C-3A55378C15F7}.Debug|x86.ActiveCfg = Debug|x86
		{254AF636-3C20-4742-BD9C-3A55378C15F7}.Debug|x86.Build.0 = Debug|x86
		{254AF636-3C20-4742-BD9C-3A55378C15F7}.Release|Any CPU.ActiveCfg = Release|Any CPU
		{254AF636-3C20-4742-BD9C-3A55378C15F7}.Release|Any CPU.Build.0 = Release|Any CPU
		{254AF636-3C20-4742-BD9C-3A55378C15F7}.Release|x86.ActiveCfg = Release|x86
		{254AF636-3C20-4742-BD9C-3A55378C15F7}.Release|x86.Build.0 = Release|x86
	EndGlobalSection
	GlobalSection(SolutionProperties) = preSolution
		HideSolutionNode = FALSE
	EndGlobalSection
	GlobalSection(ExtensibilityGlobals) = postSolution
		SolutionGuid = {658EBFC7-0D42-4354-9846-F7D93CBFB8C7}
	EndGlobalSection
EndGlobal
